// !$*UTF8*$!
{
	archiveVersion = 1;
	classes = {
	};
	objectVersion = 46;
	objects = {

/* Begin PBXBuildFile section */
		6304587C1CAD7E3400875B71 /* DDNAInterstitialAdSpec.m in Sources */ = {isa = PBXBuildFile; fileRef = 6304587B1CAD7E3400875B71 /* DDNAInterstitialAdSpec.m */; };
		632D9EE01CBFDBCB00145331 /* DDNARewardedAdSpec.m in Sources */ = {isa = PBXBuildFile; fileRef = 632D9EDF1CBFDBCB00145331 /* DDNARewardedAdSpec.m */; };
		63432CAB1CEB21F200C3C3AE /* DDNASmartAdsSpec.m in Sources */ = {isa = PBXBuildFile; fileRef = 63432CAA1CEB21F200C3C3AE /* DDNASmartAdsSpec.m */; };
		6354E25C1C0CA58800274E17 /* DDNASmartAdChartboostAdapterSpec.m in Sources */ = {isa = PBXBuildFile; fileRef = 6354E25B1C0CA58800274E17 /* DDNASmartAdChartboostAdapterSpec.m */; };
		6354E25E1C0DBF9100274E17 /* DDNASmartAdVungleAdapterSpec.m in Sources */ = {isa = PBXBuildFile; fileRef = 6354E25D1C0DBF9100274E17 /* DDNASmartAdVungleAdapterSpec.m */; };
		6354E2601C0DDD7A00274E17 /* DDNASmartAdUnityAdsAdapterSpec.m in Sources */ = {isa = PBXBuildFile; fileRef = 6354E25F1C0DDD7A00274E17 /* DDNASmartAdUnityAdsAdapterSpec.m */; };
		6382D6051CEB359A00E2EC46 /* DDNAFakeSmartAdService.m in Sources */ = {isa = PBXBuildFile; fileRef = 6382D6041CEB359A00E2EC46 /* DDNAFakeSmartAdService.m */; };
		6382D6081CEC5E1F00E2EC46 /* DDNAFakeSmartAds.m in Sources */ = {isa = PBXBuildFile; fileRef = 6382D6071CEC5E1F00E2EC46 /* DDNAFakeSmartAds.m */; };
		63B382321BFE1A500049CE28 /* iOS_SmartAds_Tests.m in Sources */ = {isa = PBXBuildFile; fileRef = 63B382311BFE1A500049CE28 /* iOS_SmartAds_Tests.m */; };
		63B382471BFE1B770049CE28 /* DDNAFakeSmartAdAgent.m in Sources */ = {isa = PBXBuildFile; fileRef = 63B382391BFE1B770049CE28 /* DDNAFakeSmartAdAgent.m */; };
		63B382481BFE1B770049CE28 /* DDNAFakeSmartAdFactory.m in Sources */ = {isa = PBXBuildFile; fileRef = 63B3823B1BFE1B770049CE28 /* DDNAFakeSmartAdFactory.m */; };
		63B382491BFE1B770049CE28 /* Podfile in Resources */ = {isa = PBXBuildFile; fileRef = 63B3823C1BFE1B770049CE28 /* Podfile */; };
		63B3824A1BFE1B770049CE28 /* DDNASmartAdAdMobAdapterSpec.m in Sources */ = {isa = PBXBuildFile; fileRef = 63B3823E1BFE1B770049CE28 /* DDNASmartAdAdMobAdapterSpec.m */; };
		63B3824B1BFE1B770049CE28 /* DDNASmartAdAgentSpec.m in Sources */ = {isa = PBXBuildFile; fileRef = 63B3823F1BFE1B770049CE28 /* DDNASmartAdAgentSpec.m */; };
		63B3824C1BFE1B770049CE28 /* DDNASmartAdAmazonAdapterSpec.m in Sources */ = {isa = PBXBuildFile; fileRef = 63B382401BFE1B770049CE28 /* DDNASmartAdAmazonAdapterSpec.m */; };
		63B3824D1BFE1B770049CE28 /* DDNASmartAdFactorySpec.m in Sources */ = {isa = PBXBuildFile; fileRef = 63B382411BFE1B770049CE28 /* DDNASmartAdFactorySpec.m */; };
		63B3824E1BFE1B770049CE28 /* DDNASmartAdFlurryAdapterSpec.m in Sources */ = {isa = PBXBuildFile; fileRef = 63B382421BFE1B770049CE28 /* DDNASmartAdFlurryAdapterSpec.m */; };
		63B3824F1BFE1B770049CE28 /* DDNASmartAdInMobiAdapterSpec.m in Sources */ = {isa = PBXBuildFile; fileRef = 63B382431BFE1B770049CE28 /* DDNASmartAdInMobiAdapterSpec.m */; };
		63B382501BFE1B770049CE28 /* DDNASmartAdMobFoxAdapterSpec.m in Sources */ = {isa = PBXBuildFile; fileRef = 63B382441BFE1B770049CE28 /* DDNASmartAdMobFoxAdapterSpec.m */; };
		63B382511BFE1B770049CE28 /* DDNASmartAdMoPubAdapterSpec.m in Sources */ = {isa = PBXBuildFile; fileRef = 63B382451BFE1B770049CE28 /* DDNASmartAdMoPubAdapterSpec.m */; };
		63B382521BFE1B770049CE28 /* DDNASmartAdServiceSpec.m in Sources */ = {isa = PBXBuildFile; fileRef = 63B382461BFE1B770049CE28 /* DDNASmartAdServiceSpec.m */; };
		63B382851BFE2F450049CE28 /* DDNASmartAdFakeAdapter.m in Sources */ = {isa = PBXBuildFile; fileRef = 63B382841BFE2F450049CE28 /* DDNASmartAdFakeAdapter.m */; };
		63CB9F2B1C08776600A6EA24 /* DDNASmartAdAdColonyAdapterSpec.m in Sources */ = {isa = PBXBuildFile; fileRef = 63CB9F2A1C08776600A6EA24 /* DDNASmartAdAdColonyAdapterSpec.m */; };
		63FC4E1A1C85C0D500F2444C /* DDNASmartAdWaterfallSpec.m in Sources */ = {isa = PBXBuildFile; fileRef = 63FC4E191C85C0D500F2444C /* DDNASmartAdWaterfallSpec.m */; };
		8AA5D0DD96FC58E943B6205B /* libPods-iOS SmartAds Tests.a in Frameworks */ = {isa = PBXBuildFile; fileRef = 75A08DAE6590AC428F333AED /* libPods-iOS SmartAds Tests.a */; };
/* End PBXBuildFile section */

/* Begin PBXFileReference section */
		6304587B1CAD7E3400875B71 /* DDNAInterstitialAdSpec.m */ = {isa = PBXFileReference; fileEncoding = 4; lastKnownFileType = sourcecode.c.objc; path = DDNAInterstitialAdSpec.m; sourceTree = "<group>"; };
		632D9EDF1CBFDBCB00145331 /* DDNARewardedAdSpec.m */ = {isa = PBXFileReference; fileEncoding = 4; lastKnownFileType = sourcecode.c.objc; path = DDNARewardedAdSpec.m; sourceTree = "<group>"; };
		63432CAA1CEB21F200C3C3AE /* DDNASmartAdsSpec.m */ = {isa = PBXFileReference; fileEncoding = 4; lastKnownFileType = sourcecode.c.objc; path = DDNASmartAdsSpec.m; sourceTree = "<group>"; };
		6354E25B1C0CA58800274E17 /* DDNASmartAdChartboostAdapterSpec.m */ = {isa = PBXFileReference; fileEncoding = 4; lastKnownFileType = sourcecode.c.objc; lineEnding = 0; path = DDNASmartAdChartboostAdapterSpec.m; sourceTree = "<group>"; xcLanguageSpecificationIdentifier = xcode.lang.objc; };
		6354E25D1C0DBF9100274E17 /* DDNASmartAdVungleAdapterSpec.m */ = {isa = PBXFileReference; fileEncoding = 4; lastKnownFileType = sourcecode.c.objc; lineEnding = 0; path = DDNASmartAdVungleAdapterSpec.m; sourceTree = "<group>"; xcLanguageSpecificationIdentifier = xcode.lang.objc; };
		6354E25F1C0DDD7A00274E17 /* DDNASmartAdUnityAdsAdapterSpec.m */ = {isa = PBXFileReference; fileEncoding = 4; lastKnownFileType = sourcecode.c.objc; lineEnding = 0; path = DDNASmartAdUnityAdsAdapterSpec.m; sourceTree = "<group>"; xcLanguageSpecificationIdentifier = xcode.lang.objc; };
		6382D6031CEB359A00E2EC46 /* DDNAFakeSmartAdService.h */ = {isa = PBXFileReference; fileEncoding = 4; lastKnownFileType = sourcecode.c.h; path = DDNAFakeSmartAdService.h; sourceTree = "<group>"; };
		6382D6041CEB359A00E2EC46 /* DDNAFakeSmartAdService.m */ = {isa = PBXFileReference; fileEncoding = 4; lastKnownFileType = sourcecode.c.objc; path = DDNAFakeSmartAdService.m; sourceTree = "<group>"; };
		6382D6061CEC5E1F00E2EC46 /* DDNAFakeSmartAds.h */ = {isa = PBXFileReference; fileEncoding = 4; lastKnownFileType = sourcecode.c.h; path = DDNAFakeSmartAds.h; sourceTree = "<group>"; };
		6382D6071CEC5E1F00E2EC46 /* DDNAFakeSmartAds.m */ = {isa = PBXFileReference; fileEncoding = 4; lastKnownFileType = sourcecode.c.objc; path = DDNAFakeSmartAds.m; sourceTree = "<group>"; };
		63B3822E1BFE1A500049CE28 /* iOS SmartAds Tests.xctest */ = {isa = PBXFileReference; explicitFileType = wrapper.cfbundle; includeInIndex = 0; path = "iOS SmartAds Tests.xctest"; sourceTree = BUILT_PRODUCTS_DIR; };
		63B382311BFE1A500049CE28 /* iOS_SmartAds_Tests.m */ = {isa = PBXFileReference; lastKnownFileType = sourcecode.c.objc; lineEnding = 0; path = iOS_SmartAds_Tests.m; sourceTree = "<group>"; xcLanguageSpecificationIdentifier = xcode.lang.objc; };
		63B382331BFE1A500049CE28 /* Info.plist */ = {isa = PBXFileReference; lastKnownFileType = text.plist.xml; path = Info.plist; sourceTree = "<group>"; };
		63B382381BFE1B770049CE28 /* DDNAFakeSmartAdAgent.h */ = {isa = PBXFileReference; fileEncoding = 4; lastKnownFileType = sourcecode.c.h; path = DDNAFakeSmartAdAgent.h; sourceTree = "<group>"; };
		63B382391BFE1B770049CE28 /* DDNAFakeSmartAdAgent.m */ = {isa = PBXFileReference; fileEncoding = 4; lastKnownFileType = sourcecode.c.objc; path = DDNAFakeSmartAdAgent.m; sourceTree = "<group>"; };
		63B3823A1BFE1B770049CE28 /* DDNAFakeSmartAdFactory.h */ = {isa = PBXFileReference; fileEncoding = 4; lastKnownFileType = sourcecode.c.h; path = DDNAFakeSmartAdFactory.h; sourceTree = "<group>"; };
		63B3823B1BFE1B770049CE28 /* DDNAFakeSmartAdFactory.m */ = {isa = PBXFileReference; fileEncoding = 4; lastKnownFileType = sourcecode.c.objc; path = DDNAFakeSmartAdFactory.m; sourceTree = "<group>"; };
		63B3823C1BFE1B770049CE28 /* Podfile */ = {isa = PBXFileReference; fileEncoding = 4; lastKnownFileType = text; path = Podfile; sourceTree = "<group>"; xcLanguageSpecificationIdentifier = xcode.lang.ruby; };
		63B3823E1BFE1B770049CE28 /* DDNASmartAdAdMobAdapterSpec.m */ = {isa = PBXFileReference; fileEncoding = 4; lastKnownFileType = sourcecode.c.objc; path = DDNASmartAdAdMobAdapterSpec.m; sourceTree = "<group>"; };
		63B3823F1BFE1B770049CE28 /* DDNASmartAdAgentSpec.m */ = {isa = PBXFileReference; fileEncoding = 4; lastKnownFileType = sourcecode.c.objc; path = DDNASmartAdAgentSpec.m; sourceTree = "<group>"; };
		63B382401BFE1B770049CE28 /* DDNASmartAdAmazonAdapterSpec.m */ = {isa = PBXFileReference; fileEncoding = 4; lastKnownFileType = sourcecode.c.objc; path = DDNASmartAdAmazonAdapterSpec.m; sourceTree = "<group>"; };
		63B382411BFE1B770049CE28 /* DDNASmartAdFactorySpec.m */ = {isa = PBXFileReference; fileEncoding = 4; lastKnownFileType = sourcecode.c.objc; path = DDNASmartAdFactorySpec.m; sourceTree = "<group>"; };
		63B382421BFE1B770049CE28 /* DDNASmartAdFlurryAdapterSpec.m */ = {isa = PBXFileReference; fileEncoding = 4; lastKnownFileType = sourcecode.c.objc; path = DDNASmartAdFlurryAdapterSpec.m; sourceTree = "<group>"; };
		63B382431BFE1B770049CE28 /* DDNASmartAdInMobiAdapterSpec.m */ = {isa = PBXFileReference; fileEncoding = 4; lastKnownFileType = sourcecode.c.objc; path = DDNASmartAdInMobiAdapterSpec.m; sourceTree = "<group>"; };
		63B382441BFE1B770049CE28 /* DDNASmartAdMobFoxAdapterSpec.m */ = {isa = PBXFileReference; fileEncoding = 4; lastKnownFileType = sourcecode.c.objc; path = DDNASmartAdMobFoxAdapterSpec.m; sourceTree = "<group>"; };
		63B382451BFE1B770049CE28 /* DDNASmartAdMoPubAdapterSpec.m */ = {isa = PBXFileReference; fileEncoding = 4; lastKnownFileType = sourcecode.c.objc; path = DDNASmartAdMoPubAdapterSpec.m; sourceTree = "<group>"; };
		63B382461BFE1B770049CE28 /* DDNASmartAdServiceSpec.m */ = {isa = PBXFileReference; fileEncoding = 4; lastKnownFileType = sourcecode.c.objc; path = DDNASmartAdServiceSpec.m; sourceTree = "<group>"; };
		63B382831BFE2F450049CE28 /* DDNASmartAdFakeAdapter.h */ = {isa = PBXFileReference; fileEncoding = 4; lastKnownFileType = sourcecode.c.h; lineEnding = 0; path = DDNASmartAdFakeAdapter.h; sourceTree = "<group>"; xcLanguageSpecificationIdentifier = xcode.lang.objcpp; };
		63B382841BFE2F450049CE28 /* DDNASmartAdFakeAdapter.m */ = {isa = PBXFileReference; fileEncoding = 4; lastKnownFileType = sourcecode.c.objc; path = DDNASmartAdFakeAdapter.m; sourceTree = "<group>"; };
		63CB9F2A1C08776600A6EA24 /* DDNASmartAdAdColonyAdapterSpec.m */ = {isa = PBXFileReference; fileEncoding = 4; lastKnownFileType = sourcecode.c.objc; lineEnding = 0; path = DDNASmartAdAdColonyAdapterSpec.m; sourceTree = "<group>"; xcLanguageSpecificationIdentifier = xcode.lang.objc; };
		63FC4E191C85C0D500F2444C /* DDNASmartAdWaterfallSpec.m */ = {isa = PBXFileReference; fileEncoding = 4; lastKnownFileType = sourcecode.c.objc; path = DDNASmartAdWaterfallSpec.m; sourceTree = "<group>"; };
		6A3C69F66342BD139D194353 /* Pods-iOS SmartAds Tests.release.xcconfig */ = {isa = PBXFileReference; includeInIndex = 1; lastKnownFileType = text.xcconfig; name = "Pods-iOS SmartAds Tests.release.xcconfig"; path = "Pods/Target Support Files/Pods-iOS SmartAds Tests/Pods-iOS SmartAds Tests.release.xcconfig"; sourceTree = "<group>"; };
		75A08DAE6590AC428F333AED /* libPods-iOS SmartAds Tests.a */ = {isa = PBXFileReference; explicitFileType = archive.ar; includeInIndex = 0; path = "libPods-iOS SmartAds Tests.a"; sourceTree = BUILT_PRODUCTS_DIR; };
		A39656E432BF1E2E750C8210 /* Pods-iOS SmartAds Tests.debug.xcconfig */ = {isa = PBXFileReference; includeInIndex = 1; lastKnownFileType = text.xcconfig; name = "Pods-iOS SmartAds Tests.debug.xcconfig"; path = "Pods/Target Support Files/Pods-iOS SmartAds Tests/Pods-iOS SmartAds Tests.debug.xcconfig"; sourceTree = "<group>"; };
/* End PBXFileReference section */

/* Begin PBXFrameworksBuildPhase section */
		63B3822B1BFE1A500049CE28 /* Frameworks */ = {
			isa = PBXFrameworksBuildPhase;
			buildActionMask = 2147483647;
			files = (
				8AA5D0DD96FC58E943B6205B /* libPods-iOS SmartAds Tests.a in Frameworks */,
			);
			runOnlyForDeploymentPostprocessing = 0;
		};
/* End PBXFrameworksBuildPhase section */

/* Begin PBXGroup section */
		63B382231BFE19D10049CE28 = {
			isa = PBXGroup;
			children = (
				63B3823C1BFE1B770049CE28 /* Podfile */,
				63B382371BFE1B770049CE28 /* Fakes */,
				63B3823D1BFE1B770049CE28 /* Specs */,
				63B382301BFE1A500049CE28 /* iOS SmartAds Tests */,
				63B3822F1BFE1A500049CE28 /* Products */,
				724B5510AC104294FD3C6B3B /* Pods */,
				C922067E16B2C28E4B5FDD2C /* Frameworks */,
			);
			sourceTree = "<group>";
		};
		63B3822F1BFE1A500049CE28 /* Products */ = {
			isa = PBXGroup;
			children = (
				63B3822E1BFE1A500049CE28 /* iOS SmartAds Tests.xctest */,
			);
			name = Products;
			sourceTree = "<group>";
		};
		63B382301BFE1A500049CE28 /* iOS SmartAds Tests */ = {
			isa = PBXGroup;
			children = (
				63B382311BFE1A500049CE28 /* iOS_SmartAds_Tests.m */,
				63B382331BFE1A500049CE28 /* Info.plist */,
			);
			path = "iOS SmartAds Tests";
			sourceTree = "<group>";
		};
		63B382371BFE1B770049CE28 /* Fakes */ = {
			isa = PBXGroup;
			children = (
				63B382831BFE2F450049CE28 /* DDNASmartAdFakeAdapter.h */,
				63B382841BFE2F450049CE28 /* DDNASmartAdFakeAdapter.m */,
				63B382381BFE1B770049CE28 /* DDNAFakeSmartAdAgent.h */,
				63B382391BFE1B770049CE28 /* DDNAFakeSmartAdAgent.m */,
				63B3823A1BFE1B770049CE28 /* DDNAFakeSmartAdFactory.h */,
				63B3823B1BFE1B770049CE28 /* DDNAFakeSmartAdFactory.m */,
				6382D6031CEB359A00E2EC46 /* DDNAFakeSmartAdService.h */,
				6382D6041CEB359A00E2EC46 /* DDNAFakeSmartAdService.m */,
				6382D6061CEC5E1F00E2EC46 /* DDNAFakeSmartAds.h */,
				6382D6071CEC5E1F00E2EC46 /* DDNAFakeSmartAds.m */,
			);
			path = Fakes;
			sourceTree = "<group>";
		};
		63B3823D1BFE1B770049CE28 /* Specs */ = {
			isa = PBXGroup;
			children = (
				63B3823E1BFE1B770049CE28 /* DDNASmartAdAdMobAdapterSpec.m */,
				63B3823F1BFE1B770049CE28 /* DDNASmartAdAgentSpec.m */,
				63B382401BFE1B770049CE28 /* DDNASmartAdAmazonAdapterSpec.m */,
				63B382411BFE1B770049CE28 /* DDNASmartAdFactorySpec.m */,
				63B382421BFE1B770049CE28 /* DDNASmartAdFlurryAdapterSpec.m */,
				63B382431BFE1B770049CE28 /* DDNASmartAdInMobiAdapterSpec.m */,
				63B382441BFE1B770049CE28 /* DDNASmartAdMobFoxAdapterSpec.m */,
				63B382451BFE1B770049CE28 /* DDNASmartAdMoPubAdapterSpec.m */,
				63B382461BFE1B770049CE28 /* DDNASmartAdServiceSpec.m */,
				63CB9F2A1C08776600A6EA24 /* DDNASmartAdAdColonyAdapterSpec.m */,
				6354E25B1C0CA58800274E17 /* DDNASmartAdChartboostAdapterSpec.m */,
				6354E25D1C0DBF9100274E17 /* DDNASmartAdVungleAdapterSpec.m */,
				6354E25F1C0DDD7A00274E17 /* DDNASmartAdUnityAdsAdapterSpec.m */,
				63FC4E191C85C0D500F2444C /* DDNASmartAdWaterfallSpec.m */,
				6304587B1CAD7E3400875B71 /* DDNAInterstitialAdSpec.m */,
				632D9EDF1CBFDBCB00145331 /* DDNARewardedAdSpec.m */,
				63432CAA1CEB21F200C3C3AE /* DDNASmartAdsSpec.m */,
			);
			path = Specs;
			sourceTree = "<group>";
		};
		724B5510AC104294FD3C6B3B /* Pods */ = {
			isa = PBXGroup;
			children = (
				A39656E432BF1E2E750C8210 /* Pods-iOS SmartAds Tests.debug.xcconfig */,
				6A3C69F66342BD139D194353 /* Pods-iOS SmartAds Tests.release.xcconfig */,
			);
			name = Pods;
			sourceTree = "<group>";
		};
		C922067E16B2C28E4B5FDD2C /* Frameworks */ = {
			isa = PBXGroup;
			children = (
				75A08DAE6590AC428F333AED /* libPods-iOS SmartAds Tests.a */,
			);
			name = Frameworks;
			sourceTree = "<group>";
		};
/* End PBXGroup section */

/* Begin PBXNativeTarget section */
		63B3822D1BFE1A500049CE28 /* iOS SmartAds Tests */ = {
			isa = PBXNativeTarget;
			buildConfigurationList = 63B382361BFE1A500049CE28 /* Build configuration list for PBXNativeTarget "iOS SmartAds Tests" */;
			buildPhases = (
				3A59A2F7FF030EC25ADE919B /* 📦 Check Pods Manifest.lock */,
				63B3822A1BFE1A500049CE28 /* Sources */,
				63B3822B1BFE1A500049CE28 /* Frameworks */,
				63B3822C1BFE1A500049CE28 /* Resources */,
				1849BD77AB8F9A0F99648A45 /* 📦 Embed Pods Frameworks */,
				6EA520765906E498D69B6BB4 /* 📦 Copy Pods Resources */,
			);
			buildRules = (
			);
			dependencies = (
			);
			name = "iOS SmartAds Tests";
			productName = "iOS SmartAds Tests";
			productReference = 63B3822E1BFE1A500049CE28 /* iOS SmartAds Tests.xctest */;
			productType = "com.apple.product-type.bundle.unit-test";
		};
/* End PBXNativeTarget section */

/* Begin PBXProject section */
		63B382241BFE19D10049CE28 /* Project object */ = {
			isa = PBXProject;
			attributes = {
				LastUpgradeCheck = 0730;
				TargetAttributes = {
					63B3822D1BFE1A500049CE28 = {
						CreatedOnToolsVersion = 7.1.1;
					};
				};
			};
			buildConfigurationList = 63B382271BFE19D10049CE28 /* Build configuration list for PBXProject "DeltaDNA SmartAds Tests" */;
			compatibilityVersion = "Xcode 3.2";
			developmentRegion = English;
			hasScannedForEncodings = 0;
			knownRegions = (
				en,
			);
			mainGroup = 63B382231BFE19D10049CE28;
			productRefGroup = 63B3822F1BFE1A500049CE28 /* Products */;
			projectDirPath = "";
			projectRoot = "";
			targets = (
				63B3822D1BFE1A500049CE28 /* iOS SmartAds Tests */,
			);
		};
/* End PBXProject section */

/* Begin PBXResourcesBuildPhase section */
		63B3822C1BFE1A500049CE28 /* Resources */ = {
			isa = PBXResourcesBuildPhase;
			buildActionMask = 2147483647;
			files = (
				63B382491BFE1B770049CE28 /* Podfile in Resources */,
			);
			runOnlyForDeploymentPostprocessing = 0;
		};
/* End PBXResourcesBuildPhase section */

/* Begin PBXShellScriptBuildPhase section */
		1849BD77AB8F9A0F99648A45 /* 📦 Embed Pods Frameworks */ = {
			isa = PBXShellScriptBuildPhase;
			buildActionMask = 2147483647;
			files = (
			);
			inputPaths = (
			);
			name = "📦 Embed Pods Frameworks";
			outputPaths = (
			);
			runOnlyForDeploymentPostprocessing = 0;
			shellPath = /bin/sh;
			shellScript = "\"${SRCROOT}/Pods/Target Support Files/Pods-iOS SmartAds Tests/Pods-iOS SmartAds Tests-frameworks.sh\"\n";
			showEnvVarsInLog = 0;
		};
		3A59A2F7FF030EC25ADE919B /* 📦 Check Pods Manifest.lock */ = {
			isa = PBXShellScriptBuildPhase;
			buildActionMask = 2147483647;
			files = (
			);
			inputPaths = (
			);
			name = "📦 Check Pods Manifest.lock";
			outputPaths = (
			);
			runOnlyForDeploymentPostprocessing = 0;
			shellPath = /bin/sh;
			shellScript = "diff \"${PODS_ROOT}/../Podfile.lock\" \"${PODS_ROOT}/Manifest.lock\" > /dev/null\nif [[ $? != 0 ]] ; then\n    cat << EOM\nerror: The sandbox is not in sync with the Podfile.lock. Run 'pod install' or update your CocoaPods installation.\nEOM\n    exit 1\nfi\n";
			showEnvVarsInLog = 0;
		};
		6EA520765906E498D69B6BB4 /* 📦 Copy Pods Resources */ = {
			isa = PBXShellScriptBuildPhase;
			buildActionMask = 2147483647;
			files = (
			);
			inputPaths = (
			);
			name = "📦 Copy Pods Resources";
			outputPaths = (
			);
			runOnlyForDeploymentPostprocessing = 0;
			shellPath = /bin/sh;
			shellScript = "\"${SRCROOT}/Pods/Target Support Files/Pods-iOS SmartAds Tests/Pods-iOS SmartAds Tests-resources.sh\"\n";
			showEnvVarsInLog = 0;
		};
/* End PBXShellScriptBuildPhase section */

/* Begin PBXSourcesBuildPhase section */
		63B3822A1BFE1A500049CE28 /* Sources */ = {
			isa = PBXSourcesBuildPhase;
			buildActionMask = 2147483647;
			files = (
				632D9EE01CBFDBCB00145331 /* DDNARewardedAdSpec.m in Sources */,
				63B382851BFE2F450049CE28 /* DDNASmartAdFakeAdapter.m in Sources */,
				63CB9F2B1C08776600A6EA24 /* DDNASmartAdAdColonyAdapterSpec.m in Sources */,
				6354E2601C0DDD7A00274E17 /* DDNASmartAdUnityAdsAdapterSpec.m in Sources */,
				63432CAB1CEB21F200C3C3AE /* DDNASmartAdsSpec.m in Sources */,
				6304587C1CAD7E3400875B71 /* DDNAInterstitialAdSpec.m in Sources */,
				6382D6051CEB359A00E2EC46 /* DDNAFakeSmartAdService.m in Sources */,
				63B3824C1BFE1B770049CE28 /* DDNASmartAdAmazonAdapterSpec.m in Sources */,
				63B382501BFE1B770049CE28 /* DDNASmartAdMobFoxAdapterSpec.m in Sources */,
				63B382471BFE1B770049CE28 /* DDNAFakeSmartAdAgent.m in Sources */,
				63B382321BFE1A500049CE28 /* iOS_SmartAds_Tests.m in Sources */,
				63B3824A1BFE1B770049CE28 /* DDNASmartAdAdMobAdapterSpec.m in Sources */,
				63B382511BFE1B770049CE28 /* DDNASmartAdMoPubAdapterSpec.m in Sources */,
				6354E25C1C0CA58800274E17 /* DDNASmartAdChartboostAdapterSpec.m in Sources */,
				6382D6081CEC5E1F00E2EC46 /* DDNAFakeSmartAds.m in Sources */,
				63B3824E1BFE1B770049CE28 /* DDNASmartAdFlurryAdapterSpec.m in Sources */,
				63B382481BFE1B770049CE28 /* DDNAFakeSmartAdFactory.m in Sources */,
				63FC4E1A1C85C0D500F2444C /* DDNASmartAdWaterfallSpec.m in Sources */,
				63B3824D1BFE1B770049CE28 /* DDNASmartAdFactorySpec.m in Sources */,
				6354E25E1C0DBF9100274E17 /* DDNASmartAdVungleAdapterSpec.m in Sources */,
				63B3824B1BFE1B770049CE28 /* DDNASmartAdAgentSpec.m in Sources */,
				63B382521BFE1B770049CE28 /* DDNASmartAdServiceSpec.m in Sources */,
				63B3824F1BFE1B770049CE28 /* DDNASmartAdInMobiAdapterSpec.m in Sources */,
			);
			runOnlyForDeploymentPostprocessing = 0;
		};
/* End PBXSourcesBuildPhase section */

/* Begin XCBuildConfiguration section */
		63B382281BFE19D10049CE28 /* Debug */ = {
			isa = XCBuildConfiguration;
			buildSettings = {
				ENABLE_TESTABILITY = YES;
				ONLY_ACTIVE_ARCH = YES;
			};
			name = Debug;
		};
		63B382291BFE19D10049CE28 /* Release */ = {
			isa = XCBuildConfiguration;
			buildSettings = {
			};
			name = Release;
		};
		63B382341BFE1A500049CE28 /* Debug */ = {
			isa = XCBuildConfiguration;
			baseConfigurationReference = A39656E432BF1E2E750C8210 /* Pods-iOS SmartAds Tests.debug.xcconfig */;
			buildSettings = {
				ALWAYS_SEARCH_USER_PATHS = NO;
				CLANG_CXX_LANGUAGE_STANDARD = "gnu++0x";
				CLANG_CXX_LIBRARY = "libc++";
				CLANG_ENABLE_MODULES = YES;
				CLANG_ENABLE_OBJC_ARC = YES;
				CLANG_WARN_BOOL_CONVERSION = YES;
				CLANG_WARN_CONSTANT_CONVERSION = YES;
				CLANG_WARN_DIRECT_OBJC_ISA_USAGE = YES_ERROR;
				CLANG_WARN_EMPTY_BODY = YES;
				CLANG_WARN_ENUM_CONVERSION = YES;
				CLANG_WARN_INT_CONVERSION = YES;
				CLANG_WARN_OBJC_ROOT_CLASS = YES_ERROR;
				CLANG_WARN_UNREACHABLE_CODE = YES;
				CLANG_WARN__DUPLICATE_METHOD_MATCH = YES;
				"CODE_SIGN_IDENTITY[sdk=iphoneos*]" = "iPhone Developer";
				COPY_PHASE_STRIP = NO;
				DEBUG_INFORMATION_FORMAT = dwarf;
				ENABLE_STRICT_OBJC_MSGSEND = YES;
				ENABLE_TESTABILITY = YES;
				GCC_C_LANGUAGE_STANDARD = gnu99;
				GCC_DYNAMIC_NO_PIC = NO;
				GCC_NO_COMMON_BLOCKS = YES;
				GCC_OPTIMIZATION_LEVEL = 0;
				GCC_PREPROCESSOR_DEFINITIONS = (
					"DEBUG=1",
					"$(inherited)",
				);
				GCC_WARN_64_TO_32_BIT_CONVERSION = YES;
				GCC_WARN_ABOUT_RETURN_TYPE = YES_ERROR;
				GCC_WARN_UNDECLARED_SELECTOR = YES;
				GCC_WARN_UNINITIALIZED_AUTOS = YES_AGGRESSIVE;
				GCC_WARN_UNUSED_FUNCTION = YES;
				GCC_WARN_UNUSED_VARIABLE = YES;
				INFOPLIST_FILE = "iOS SmartAds Tests/Info.plist";
				IPHONEOS_DEPLOYMENT_TARGET = 9.1;
				LD_RUNPATH_SEARCH_PATHS = "$(inherited) @executable_path/Frameworks @loader_path/Frameworks";
				MTL_ENABLE_DEBUG_INFO = YES;
				ONLY_ACTIVE_ARCH = YES;
				PRODUCT_BUNDLE_IDENTIFIER = "com.deltadna.ios.iOS-SmartAds-Tests";
				PRODUCT_NAME = "$(TARGET_NAME)";
				SDKROOT = iphoneos;
			};
			name = Debug;
		};
		63B382351BFE1A500049CE28 /* Release */ = {
			isa = XCBuildConfiguration;
			baseConfigurationReference = 6A3C69F66342BD139D194353 /* Pods-iOS SmartAds Tests.release.xcconfig */;
			buildSettings = {
				ALWAYS_SEARCH_USER_PATHS = NO;
				CLANG_CXX_LANGUAGE_STANDARD = "gnu++0x";
				CLANG_CXX_LIBRARY = "libc++";
				CLANG_ENABLE_MODULES = YES;
				CLANG_ENABLE_OBJC_ARC = YES;
				CLANG_WARN_BOOL_CONVERSION = YES;
				CLANG_WARN_CONSTANT_CONVERSION = YES;
				CLANG_WARN_DIRECT_OBJC_ISA_USAGE = YES_ERROR;
				CLANG_WARN_EMPTY_BODY = YES;
				CLANG_WARN_ENUM_CONVERSION = YES;
				CLANG_WARN_INT_CONVERSION = YES;
				CLANG_WARN_OBJC_ROOT_CLASS = YES_ERROR;
				CLANG_WARN_UNREACHABLE_CODE = YES;
				CLANG_WARN__DUPLICATE_METHOD_MATCH = YES;
				"CODE_SIGN_IDENTITY[sdk=iphoneos*]" = "iPhone Developer";
				COPY_PHASE_STRIP = NO;
				DEBUG_INFORMATION_FORMAT = "dwarf-with-dsym";
				ENABLE_NS_ASSERTIONS = NO;
				ENABLE_STRICT_OBJC_MSGSEND = YES;
				GCC_C_LANGUAGE_STANDARD = gnu99;
				GCC_NO_COMMON_BLOCKS = YES;
				GCC_WARN_64_TO_32_BIT_CONVERSION = YES;
				GCC_WARN_ABOUT_RETURN_TYPE = YES_ERROR;
				GCC_WARN_UNDECLARED_SELECTOR = YES;
				GCC_WARN_UNINITIALIZED_AUTOS = YES_AGGRESSIVE;
				GCC_WARN_UNUSED_FUNCTION = YES;
				GCC_WARN_UNUSED_VARIABLE = YES;
				INFOPLIST_FILE = "iOS SmartAds Tests/Info.plist";
				IPHONEOS_DEPLOYMENT_TARGET = 9.1;
				LD_RUNPATH_SEARCH_PATHS = "$(inherited) @executable_path/Frameworks @loader_path/Frameworks";
				MTL_ENABLE_DEBUG_INFO = NO;
				PRODUCT_BUNDLE_IDENTIFIER = "com.deltadna.ios.iOS-SmartAds-Tests";
				PRODUCT_NAME = "$(TARGET_NAME)";
				SDKROOT = iphoneos;
				VALIDATE_PRODUCT = YES;
			};
			name = Release;
		};
/* End XCBuildConfiguration section */

/* Begin XCConfigurationList section */
		63B382271BFE19D10049CE28 /* Build configuration list for PBXProject "DeltaDNA SmartAds Tests" */ = {
			isa = XCConfigurationList;
			buildConfigurations = (
				63B382281BFE19D10049CE28 /* Debug */,
				63B382291BFE19D10049CE28 /* Release */,
			);
			defaultConfigurationIsVisible = 0;
			defaultConfigurationName = Release;
		};
		63B382361BFE1A500049CE28 /* Build configuration list for PBXNativeTarget "iOS SmartAds Tests" */ = {
			isa = XCConfigurationList;
			buildConfigurations = (
				63B382341BFE1A500049CE28 /* Debug */,
				63B382351BFE1A500049CE28 /* Release */,
			);
			defaultConfigurationIsVisible = 0;
			defaultConfigurationName = Release;
		};
/* End XCConfigurationList section */
	};
	rootObject = 63B382241BFE19D10049CE28 /* Project object */;
}
